// !$*UTF8*$!
{
	archiveVersion = 1;
	classes = {
	};
	objectVersion = 46;
	objects = {

/* Begin PBXBuildFile section */
		1B90AB301CABC62A0070CC23 /* ServiceA.swift in Sources */ = {isa = PBXBuildFile; fileRef = 1B90AB2F1CABC62A0070CC23 /* ServiceA.swift */; };
		1B90AB321CABC6450070CC23 /* ServiceAImpl.swift in Sources */ = {isa = PBXBuildFile; fileRef = 1B90AB311CABC6450070CC23 /* ServiceAImpl.swift */; };
		1B90AB341CABC6590070CC23 /* ServiceB.swift in Sources */ = {isa = PBXBuildFile; fileRef = 1B90AB331CABC6590070CC23 /* ServiceB.swift */; };
		1B90AB361CABC6680070CC23 /* ServiceBImpl.swift in Sources */ = {isa = PBXBuildFile; fileRef = 1B90AB351CABC6680070CC23 /* ServiceBImpl.swift */; };
		1B90AB381CABC67E0070CC23 /* ServiceC.swift in Sources */ = {isa = PBXBuildFile; fileRef = 1B90AB371CABC67E0070CC23 /* ServiceC.swift */; };
		1B90AB3A1CABC68F0070CC23 /* ServiceCImpl.swift in Sources */ = {isa = PBXBuildFile; fileRef = 1B90AB391CABC68F0070CC23 /* ServiceCImpl.swift */; };
		1B90AB3C1CABC6980070CC23 /* ServiceD.swift in Sources */ = {isa = PBXBuildFile; fileRef = 1B90AB3B1CABC6980070CC23 /* ServiceD.swift */; };
		1B90AB3E1CABC6B00070CC23 /* ServiceDImpl.swift in Sources */ = {isa = PBXBuildFile; fileRef = 1B90AB3D1CABC6AF0070CC23 /* ServiceDImpl.swift */; };
		1B90AB411CABC84A0070CC23 /* GenericDataSource.swift in Sources */ = {isa = PBXBuildFile; fileRef = 1B90AB401CABC84A0070CC23 /* GenericDataSource.swift */; };
		1B90AB431CABC93F0070CC23 /* ServiceAImplDataSource.swift in Sources */ = {isa = PBXBuildFile; fileRef = 1B90AB421CABC93F0070CC23 /* ServiceAImplDataSource.swift */; };
		1B90AB451CABC9500070CC23 /* ServiceBImplDataSource.swift in Sources */ = {isa = PBXBuildFile; fileRef = 1B90AB441CABC9500070CC23 /* ServiceBImplDataSource.swift */; };
		1B90AB4F1CAD2EC30070CC23 /* main.swift in Sources */ = {isa = PBXBuildFile; fileRef = 1B90AB4E1CAD2EC30070CC23 /* main.swift */; };
		1B90AB511CAD31230070CC23 /* DependencyConfigurator.swift in Sources */ = {isa = PBXBuildFile; fileRef = 1B90AB501CAD31230070CC23 /* DependencyConfigurator.swift */; };
		1BD81EC41CD9B96400A17026 /* ServiceE.swift in Sources */ = {isa = PBXBuildFile; fileRef = 1BD81EC31CD9B96400A17026 /* ServiceE.swift */; };
		1BD81EC61CD9B97500A17026 /* ServiceEImpl.swift in Sources */ = {isa = PBXBuildFile; fileRef = 1BD81EC51CD9B97500A17026 /* ServiceEImpl.swift */; };
		1BF52F801D09247E00633CAB /* KrakenTests.swift in Sources */ = {isa = PBXBuildFile; fileRef = 1BF52F7F1D09247E00633CAB /* KrakenTests.swift */; };
		1BF52F821D093E5300633CAB /* Utils.swift in Sources */ = {isa = PBXBuildFile; fileRef = 1BF52F811D093E5300633CAB /* Utils.swift */; };
		59113B1B1BEC6B120F44ED9E /* Pods_Trigger_Tests.framework in Frameworks */ = {isa = PBXBuildFile; fileRef = 77BB8048C5F5BD855A7C2B60 /* Pods_Trigger_Tests.framework */; };
		607FACD61AFB9204008FA782 /* AppDelegate.swift in Sources */ = {isa = PBXBuildFile; fileRef = 607FACD51AFB9204008FA782 /* AppDelegate.swift */; };
		607FACD81AFB9204008FA782 /* ViewController.swift in Sources */ = {isa = PBXBuildFile; fileRef = 607FACD71AFB9204008FA782 /* ViewController.swift */; };
		607FACDB1AFB9204008FA782 /* Main.storyboard in Resources */ = {isa = PBXBuildFile; fileRef = 607FACD91AFB9204008FA782 /* Main.storyboard */; };
		607FACDD1AFB9204008FA782 /* Images.xcassets in Resources */ = {isa = PBXBuildFile; fileRef = 607FACDC1AFB9204008FA782 /* Images.xcassets */; };
		607FACE01AFB9204008FA782 /* LaunchScreen.xib in Resources */ = {isa = PBXBuildFile; fileRef = 607FACDE1AFB9204008FA782 /* LaunchScreen.xib */; };
		92D2BC1DC6D01E6343F8EA21 /* Pods_Trigger_Example.framework in Frameworks */ = {isa = PBXBuildFile; fileRef = 581BF93833A2B6948DD61C88 /* Pods_Trigger_Example.framework */; };
/* End PBXBuildFile section */

/* Begin PBXContainerItemProxy section */
		607FACE61AFB9204008FA782 /* PBXContainerItemProxy */ = {
			isa = PBXContainerItemProxy;
			containerPortal = 607FACC81AFB9204008FA782 /* Project object */;
			proxyType = 1;
			remoteGlobalIDString = 607FACCF1AFB9204008FA782;
			remoteInfo = Trigger;
		};
/* End PBXContainerItemProxy section */

/* Begin PBXFileReference section */
		052C0FF9BC3D84FA2E37FF8A /* Pods-Trigger_Tests.release.xcconfig */ = {isa = PBXFileReference; includeInIndex = 1; lastKnownFileType = text.xcconfig; name = "Pods-Trigger_Tests.release.xcconfig"; path = "Pods/Target Support Files/Pods-Trigger_Tests/Pods-Trigger_Tests.release.xcconfig"; sourceTree = "<group>"; };
		14D9C925C068510F0A473807 /* Pods-Trigger_Example.debug.xcconfig */ = {isa = PBXFileReference; includeInIndex = 1; lastKnownFileType = text.xcconfig; name = "Pods-Trigger_Example.debug.xcconfig"; path = "Pods/Target Support Files/Pods-Trigger_Example/Pods-Trigger_Example.debug.xcconfig"; sourceTree = "<group>"; };
		1B90AB2F1CABC62A0070CC23 /* ServiceA.swift */ = {isa = PBXFileReference; fileEncoding = 4; lastKnownFileType = sourcecode.swift; path = ServiceA.swift; sourceTree = "<group>"; };
		1B90AB311CABC6450070CC23 /* ServiceAImpl.swift */ = {isa = PBXFileReference; fileEncoding = 4; lastKnownFileType = sourcecode.swift; path = ServiceAImpl.swift; sourceTree = "<group>"; };
		1B90AB331CABC6590070CC23 /* ServiceB.swift */ = {isa = PBXFileReference; fileEncoding = 4; lastKnownFileType = sourcecode.swift; path = ServiceB.swift; sourceTree = "<group>"; };
		1B90AB351CABC6680070CC23 /* ServiceBImpl.swift */ = {isa = PBXFileReference; fileEncoding = 4; lastKnownFileType = sourcecode.swift; path = ServiceBImpl.swift; sourceTree = "<group>"; };
		1B90AB371CABC67E0070CC23 /* ServiceC.swift */ = {isa = PBXFileReference; fileEncoding = 4; lastKnownFileType = sourcecode.swift; path = ServiceC.swift; sourceTree = "<group>"; };
		1B90AB391CABC68F0070CC23 /* ServiceCImpl.swift */ = {isa = PBXFileReference; fileEncoding = 4; lastKnownFileType = sourcecode.swift; path = ServiceCImpl.swift; sourceTree = "<group>"; };
		1B90AB3B1CABC6980070CC23 /* ServiceD.swift */ = {isa = PBXFileReference; fileEncoding = 4; lastKnownFileType = sourcecode.swift; path = ServiceD.swift; sourceTree = "<group>"; };
		1B90AB3D1CABC6AF0070CC23 /* ServiceDImpl.swift */ = {isa = PBXFileReference; fileEncoding = 4; lastKnownFileType = sourcecode.swift; path = ServiceDImpl.swift; sourceTree = "<group>"; };
		1B90AB401CABC84A0070CC23 /* GenericDataSource.swift */ = {isa = PBXFileReference; fileEncoding = 4; lastKnownFileType = sourcecode.swift; path = GenericDataSource.swift; sourceTree = "<group>"; };
		1B90AB421CABC93F0070CC23 /* ServiceAImplDataSource.swift */ = {isa = PBXFileReference; fileEncoding = 4; lastKnownFileType = sourcecode.swift; path = ServiceAImplDataSource.swift; sourceTree = "<group>"; };
		1B90AB441CABC9500070CC23 /* ServiceBImplDataSource.swift */ = {isa = PBXFileReference; fileEncoding = 4; lastKnownFileType = sourcecode.swift; path = ServiceBImplDataSource.swift; sourceTree = "<group>"; };
		1B90AB4E1CAD2EC30070CC23 /* main.swift */ = {isa = PBXFileReference; fileEncoding = 4; lastKnownFileType = sourcecode.swift; path = main.swift; sourceTree = "<group>"; };
		1B90AB501CAD31230070CC23 /* DependencyConfigurator.swift */ = {isa = PBXFileReference; fileEncoding = 4; lastKnownFileType = sourcecode.swift; path = DependencyConfigurator.swift; sourceTree = "<group>"; };
		1BD81EC31CD9B96400A17026 /* ServiceE.swift */ = {isa = PBXFileReference; fileEncoding = 4; lastKnownFileType = sourcecode.swift; path = ServiceE.swift; sourceTree = "<group>"; };
		1BD81EC51CD9B97500A17026 /* ServiceEImpl.swift */ = {isa = PBXFileReference; fileEncoding = 4; lastKnownFileType = sourcecode.swift; path = ServiceEImpl.swift; sourceTree = "<group>"; };
		1BF52F7F1D09247E00633CAB /* KrakenTests.swift */ = {isa = PBXFileReference; fileEncoding = 4; lastKnownFileType = sourcecode.swift; path = KrakenTests.swift; sourceTree = "<group>"; };
		1BF52F811D093E5300633CAB /* Utils.swift */ = {isa = PBXFileReference; fileEncoding = 4; lastKnownFileType = sourcecode.swift; path = Utils.swift; sourceTree = "<group>"; };
		28D1875E5C7F5182139EBB61 /* Kraken.podspec */ = {isa = PBXFileReference; includeInIndex = 1; lastKnownFileType = text; name = Kraken.podspec; path = ../Kraken.podspec; sourceTree = "<group>"; };
		581BF93833A2B6948DD61C88 /* Pods_Trigger_Example.framework */ = {isa = PBXFileReference; explicitFileType = wrapper.framework; includeInIndex = 0; path = Pods_Trigger_Example.framework; sourceTree = BUILT_PRODUCTS_DIR; };
		607FACD01AFB9204008FA782 /* Trigger_Example.app */ = {isa = PBXFileReference; explicitFileType = wrapper.application; includeInIndex = 0; path = Trigger_Example.app; sourceTree = BUILT_PRODUCTS_DIR; };
		607FACD41AFB9204008FA782 /* Info.plist */ = {isa = PBXFileReference; lastKnownFileType = text.plist.xml; path = Info.plist; sourceTree = "<group>"; };
		607FACD51AFB9204008FA782 /* AppDelegate.swift */ = {isa = PBXFileReference; lastKnownFileType = sourcecode.swift; path = AppDelegate.swift; sourceTree = "<group>"; };
		607FACD71AFB9204008FA782 /* ViewController.swift */ = {isa = PBXFileReference; lastKnownFileType = sourcecode.swift; path = ViewController.swift; sourceTree = "<group>"; };
		607FACDA1AFB9204008FA782 /* Base */ = {isa = PBXFileReference; lastKnownFileType = file.storyboard; name = Base; path = Base.lproj/Main.storyboard; sourceTree = "<group>"; };
		607FACDC1AFB9204008FA782 /* Images.xcassets */ = {isa = PBXFileReference; lastKnownFileType = folder.assetcatalog; path = Images.xcassets; sourceTree = "<group>"; };
		607FACDF1AFB9204008FA782 /* Base */ = {isa = PBXFileReference; lastKnownFileType = file.xib; name = Base; path = Base.lproj/LaunchScreen.xib; sourceTree = "<group>"; };
		607FACE51AFB9204008FA782 /* Trigger_Tests.xctest */ = {isa = PBXFileReference; explicitFileType = wrapper.cfbundle; includeInIndex = 0; path = Trigger_Tests.xctest; sourceTree = BUILT_PRODUCTS_DIR; };
		607FACEA1AFB9204008FA782 /* Info.plist */ = {isa = PBXFileReference; lastKnownFileType = text.plist.xml; path = Info.plist; sourceTree = "<group>"; };
		617FDE14D71E6879F1517AE0 /* LICENSE */ = {isa = PBXFileReference; includeInIndex = 1; lastKnownFileType = text; name = LICENSE; path = ../LICENSE; sourceTree = "<group>"; };
		77BB8048C5F5BD855A7C2B60 /* Pods_Trigger_Tests.framework */ = {isa = PBXFileReference; explicitFileType = wrapper.framework; includeInIndex = 0; path = Pods_Trigger_Tests.framework; sourceTree = BUILT_PRODUCTS_DIR; };
		8937E01DBC19080B66812902 /* README.md */ = {isa = PBXFileReference; includeInIndex = 1; lastKnownFileType = net.daringfireball.markdown; name = README.md; path = ../README.md; sourceTree = "<group>"; };
		E282B833F18409785F1365E4 /* Pods-Trigger_Example.release.xcconfig */ = {isa = PBXFileReference; includeInIndex = 1; lastKnownFileType = text.xcconfig; name = "Pods-Trigger_Example.release.xcconfig"; path = "Pods/Target Support Files/Pods-Trigger_Example/Pods-Trigger_Example.release.xcconfig"; sourceTree = "<group>"; };
		FE94F4DCEA9A7F73E0D9C8D7 /* Pods-Trigger_Tests.debug.xcconfig */ = {isa = PBXFileReference; includeInIndex = 1; lastKnownFileType = text.xcconfig; name = "Pods-Trigger_Tests.debug.xcconfig"; path = "Pods/Target Support Files/Pods-Trigger_Tests/Pods-Trigger_Tests.debug.xcconfig"; sourceTree = "<group>"; };
/* End PBXFileReference section */

/* Begin PBXFrameworksBuildPhase section */
		607FACCD1AFB9204008FA782 /* Frameworks */ = {
			isa = PBXFrameworksBuildPhase;
			buildActionMask = 2147483647;
			files = (
				92D2BC1DC6D01E6343F8EA21 /* Pods_Trigger_Example.framework in Frameworks */,
			);
			runOnlyForDeploymentPostprocessing = 0;
		};
		607FACE21AFB9204008FA782 /* Frameworks */ = {
			isa = PBXFrameworksBuildPhase;
			buildActionMask = 2147483647;
			files = (
				59113B1B1BEC6B120F44ED9E /* Pods_Trigger_Tests.framework in Frameworks */,
			);
			runOnlyForDeploymentPostprocessing = 0;
		};
/* End PBXFrameworksBuildPhase section */

/* Begin PBXGroup section */
		1B90AB2E1CABC1540070CC23 /* Service */ = {
			isa = PBXGroup;
			children = (
				1B90AB2F1CABC62A0070CC23 /* ServiceA.swift */,
				1B90AB311CABC6450070CC23 /* ServiceAImpl.swift */,
				1B90AB331CABC6590070CC23 /* ServiceB.swift */,
				1B90AB351CABC6680070CC23 /* ServiceBImpl.swift */,
				1B90AB371CABC67E0070CC23 /* ServiceC.swift */,
				1B90AB391CABC68F0070CC23 /* ServiceCImpl.swift */,
				1B90AB3B1CABC6980070CC23 /* ServiceD.swift */,
				1B90AB3D1CABC6AF0070CC23 /* ServiceDImpl.swift */,
				1BD81EC31CD9B96400A17026 /* ServiceE.swift */,
				1BD81EC51CD9B97500A17026 /* ServiceEImpl.swift */,
			);
			name = Service;
			sourceTree = "<group>";
		};
		1B90AB3F1CABC8110070CC23 /* DataSource */ = {
			isa = PBXGroup;
			children = (
				1B90AB401CABC84A0070CC23 /* GenericDataSource.swift */,
				1B90AB421CABC93F0070CC23 /* ServiceAImplDataSource.swift */,
				1B90AB441CABC9500070CC23 /* ServiceBImplDataSource.swift */,
			);
			name = DataSource;
			sourceTree = "<group>";
		};
		607FACC71AFB9204008FA782 = {
			isa = PBXGroup;
			children = (
				607FACF51AFB993E008FA782 /* Podspec Metadata */,
				607FACD21AFB9204008FA782 /* Example for Trigger */,
				607FACE81AFB9204008FA782 /* Tests */,
				607FACD11AFB9204008FA782 /* Products */,
				707A131DF43FD8B2E9EC52F7 /* Pods */,
				A474664FF2C2CAAF1B6BF073 /* Frameworks */,
			);
			sourceTree = "<group>";
		};
		607FACD11AFB9204008FA782 /* Products */ = {
			isa = PBXGroup;
			children = (
				607FACD01AFB9204008FA782 /* Trigger_Example.app */,
				607FACE51AFB9204008FA782 /* Trigger_Tests.xctest */,
			);
			name = Products;
			sourceTree = "<group>";
		};
		607FACD21AFB9204008FA782 /* Example for Trigger */ = {
			isa = PBXGroup;
			children = (
				1B90AB4E1CAD2EC30070CC23 /* main.swift */,
				607FACD51AFB9204008FA782 /* AppDelegate.swift */,
				607FACD71AFB9204008FA782 /* ViewController.swift */,
				1B90AB501CAD31230070CC23 /* DependencyConfigurator.swift */,
				607FACD91AFB9204008FA782 /* Main.storyboard */,
				607FACDC1AFB9204008FA782 /* Images.xcassets */,
				607FACDE1AFB9204008FA782 /* LaunchScreen.xib */,
				1B90AB3F1CABC8110070CC23 /* DataSource */,
				1B90AB2E1CABC1540070CC23 /* Service */,
				607FACD31AFB9204008FA782 /* Supporting Files */,
			);
			name = "Example for Trigger";
			path = Trigger;
			sourceTree = "<group>";
		};
		607FACD31AFB9204008FA782 /* Supporting Files */ = {
			isa = PBXGroup;
			children = (
				607FACD41AFB9204008FA782 /* Info.plist */,
			);
			name = "Supporting Files";
			sourceTree = "<group>";
		};
		607FACE81AFB9204008FA782 /* Tests */ = {
			isa = PBXGroup;
			children = (
				607FACE91AFB9204008FA782 /* Supporting Files */,
				1BF52F7F1D09247E00633CAB /* KrakenTests.swift */,
				1BF52F811D093E5300633CAB /* Utils.swift */,
			);
			path = Tests;
			sourceTree = "<group>";
		};
		607FACE91AFB9204008FA782 /* Supporting Files */ = {
			isa = PBXGroup;
			children = (
				607FACEA1AFB9204008FA782 /* Info.plist */,
			);
			name = "Supporting Files";
			sourceTree = "<group>";
		};
		607FACF51AFB993E008FA782 /* Podspec Metadata */ = {
			isa = PBXGroup;
			children = (
				28D1875E5C7F5182139EBB61 /* Kraken.podspec */,
				8937E01DBC19080B66812902 /* README.md */,
				617FDE14D71E6879F1517AE0 /* LICENSE */,
			);
			name = "Podspec Metadata";
			sourceTree = "<group>";
		};
		707A131DF43FD8B2E9EC52F7 /* Pods */ = {
			isa = PBXGroup;
			children = (
				14D9C925C068510F0A473807 /* Pods-Trigger_Example.debug.xcconfig */,
				E282B833F18409785F1365E4 /* Pods-Trigger_Example.release.xcconfig */,
				FE94F4DCEA9A7F73E0D9C8D7 /* Pods-Trigger_Tests.debug.xcconfig */,
				052C0FF9BC3D84FA2E37FF8A /* Pods-Trigger_Tests.release.xcconfig */,
			);
			name = Pods;
			sourceTree = "<group>";
		};
		A474664FF2C2CAAF1B6BF073 /* Frameworks */ = {
			isa = PBXGroup;
			children = (
				581BF93833A2B6948DD61C88 /* Pods_Trigger_Example.framework */,
				77BB8048C5F5BD855A7C2B60 /* Pods_Trigger_Tests.framework */,
			);
			name = Frameworks;
			sourceTree = "<group>";
		};
/* End PBXGroup section */

/* Begin PBXNativeTarget section */
		607FACCF1AFB9204008FA782 /* Trigger_Example */ = {
			isa = PBXNativeTarget;
			buildConfigurationList = 607FACEF1AFB9204008FA782 /* Build configuration list for PBXNativeTarget "Trigger_Example" */;
			buildPhases = (
				2CF296A1A483B8AE017169AA /* 📦 Check Pods Manifest.lock */,
				607FACCC1AFB9204008FA782 /* Sources */,
				607FACCD1AFB9204008FA782 /* Frameworks */,
				607FACCE1AFB9204008FA782 /* Resources */,
				0A74A30590F15691BC1E2E55 /* 📦 Embed Pods Frameworks */,
				7920F98E50F2CBC1D43319DA /* 📦 Copy Pods Resources */,
			);
			buildRules = (
			);
			dependencies = (
			);
			name = Trigger_Example;
			productName = Trigger;
			productReference = 607FACD01AFB9204008FA782 /* Trigger_Example.app */;
			productType = "com.apple.product-type.application";
		};
		607FACE41AFB9204008FA782 /* Trigger_Tests */ = {
			isa = PBXNativeTarget;
			buildConfigurationList = 607FACF21AFB9204008FA782 /* Build configuration list for PBXNativeTarget "Trigger_Tests" */;
			buildPhases = (
				2F96A4091614B2608A1DF2BC /* 📦 Check Pods Manifest.lock */,
				607FACE11AFB9204008FA782 /* Sources */,
				607FACE21AFB9204008FA782 /* Frameworks */,
				607FACE31AFB9204008FA782 /* Resources */,
				9BEB0E64A9690A739E0E9E6E /* 📦 Embed Pods Frameworks */,
				152B18D396254B1E36AC792D /* 📦 Copy Pods Resources */,
			);
			buildRules = (
			);
			dependencies = (
				607FACE71AFB9204008FA782 /* PBXTargetDependency */,
			);
			name = Trigger_Tests;
			productName = Tests;
			productReference = 607FACE51AFB9204008FA782 /* Trigger_Tests.xctest */;
			productType = "com.apple.product-type.bundle.unit-test";
		};
/* End PBXNativeTarget section */

/* Begin PBXProject section */
		607FACC81AFB9204008FA782 /* Project object */ = {
			isa = PBXProject;
			attributes = {
				LastSwiftUpdateCheck = 0730;
				LastUpgradeCheck = 0720;
				ORGANIZATIONNAME = CocoaPods;
				TargetAttributes = {
					607FACCF1AFB9204008FA782 = {
						CreatedOnToolsVersion = 6.3.1;
					};
					607FACE41AFB9204008FA782 = {
						CreatedOnToolsVersion = 6.3.1;
						TestTargetID = 607FACCF1AFB9204008FA782;
					};
				};
			};
			buildConfigurationList = 607FACCB1AFB9204008FA782 /* Build configuration list for PBXProject "Trigger" */;
			compatibilityVersion = "Xcode 3.2";
			developmentRegion = English;
			hasScannedForEncodings = 0;
			knownRegions = (
				en,
				Base,
			);
			mainGroup = 607FACC71AFB9204008FA782;
			productRefGroup = 607FACD11AFB9204008FA782 /* Products */;
			projectDirPath = "";
			projectRoot = "";
			targets = (
				607FACCF1AFB9204008FA782 /* Trigger_Example */,
				607FACE41AFB9204008FA782 /* Trigger_Tests */,
			);
		};
/* End PBXProject section */

/* Begin PBXResourcesBuildPhase section */
		607FACCE1AFB9204008FA782 /* Resources */ = {
			isa = PBXResourcesBuildPhase;
			buildActionMask = 2147483647;
			files = (
				607FACDB1AFB9204008FA782 /* Main.storyboard in Resources */,
				607FACE01AFB9204008FA782 /* LaunchScreen.xib in Resources */,
				607FACDD1AFB9204008FA782 /* Images.xcassets in Resources */,
			);
			runOnlyForDeploymentPostprocessing = 0;
		};
		607FACE31AFB9204008FA782 /* Resources */ = {
			isa = PBXResourcesBuildPhase;
			buildActionMask = 2147483647;
			files = (
			);
			runOnlyForDeploymentPostprocessing = 0;
		};
/* End PBXResourcesBuildPhase section */

/* Begin PBXShellScriptBuildPhase section */
		0A74A30590F15691BC1E2E55 /* 📦 Embed Pods Frameworks */ = {
			isa = PBXShellScriptBuildPhase;
			buildActionMask = 2147483647;
			files = (
			);
			inputPaths = (
			);
			name = "📦 Embed Pods Frameworks";
			outputPaths = (
			);
			runOnlyForDeploymentPostprocessing = 0;
			shellPath = /bin/sh;
			shellScript = "\"${SRCROOT}/Pods/Target Support Files/Pods-Trigger_Example/Pods-Trigger_Example-frameworks.sh\"\n";
			showEnvVarsInLog = 0;
		};
		152B18D396254B1E36AC792D /* 📦 Copy Pods Resources */ = {
			isa = PBXShellScriptBuildPhase;
			buildActionMask = 2147483647;
			files = (
			);
			inputPaths = (
			);
			name = "📦 Copy Pods Resources";
			outputPaths = (
			);
			runOnlyForDeploymentPostprocessing = 0;
			shellPath = /bin/sh;
			shellScript = "\"${SRCROOT}/Pods/Target Support Files/Pods-Trigger_Tests/Pods-Trigger_Tests-resources.sh\"\n";
			showEnvVarsInLog = 0;
		};
		2CF296A1A483B8AE017169AA /* 📦 Check Pods Manifest.lock */ = {
			isa = PBXShellScriptBuildPhase;
			buildActionMask = 2147483647;
			files = (
			);
			inputPaths = (
			);
			name = "📦 Check Pods Manifest.lock";
			outputPaths = (
			);
			runOnlyForDeploymentPostprocessing = 0;
			shellPath = /bin/sh;
			shellScript = "diff \"${PODS_ROOT}/../Podfile.lock\" \"${PODS_ROOT}/Manifest.lock\" > /dev/null\nif [[ $? != 0 ]] ; then\n    cat << EOM\nerror: The sandbox is not in sync with the Podfile.lock. Run 'pod install' or update your CocoaPods installation.\nEOM\n    exit 1\nfi\n";
			showEnvVarsInLog = 0;
		};
		2F96A4091614B2608A1DF2BC /* 📦 Check Pods Manifest.lock */ = {
			isa = PBXShellScriptBuildPhase;
			buildActionMask = 2147483647;
			files = (
			);
			inputPaths = (
			);
			name = "📦 Check Pods Manifest.lock";
			outputPaths = (
			);
			runOnlyForDeploymentPostprocessing = 0;
			shellPath = /bin/sh;
			shellScript = "diff \"${PODS_ROOT}/../Podfile.lock\" \"${PODS_ROOT}/Manifest.lock\" > /dev/null\nif [[ $? != 0 ]] ; then\n    cat << EOM\nerror: The sandbox is not in sync with the Podfile.lock. Run 'pod install' or update your CocoaPods installation.\nEOM\n    exit 1\nfi\n";
			showEnvVarsInLog = 0;
		};
		7920F98E50F2CBC1D43319DA /* 📦 Copy Pods Resources */ = {
			isa = PBXShellScriptBuildPhase;
			buildActionMask = 2147483647;
			files = (
			);
			inputPaths = (
			);
			name = "📦 Copy Pods Resources";
			outputPaths = (
			);
			runOnlyForDeploymentPostprocessing = 0;
			shellPath = /bin/sh;
			shellScript = "\"${SRCROOT}/Pods/Target Support Files/Pods-Trigger_Example/Pods-Trigger_Example-resources.sh\"\n";
			showEnvVarsInLog = 0;
		};
		9BEB0E64A9690A739E0E9E6E /* 📦 Embed Pods Frameworks */ = {
			isa = PBXShellScriptBuildPhase;
			buildActionMask = 2147483647;
			files = (
			);
			inputPaths = (
			);
			name = "📦 Embed Pods Frameworks";
			outputPaths = (
			);
			runOnlyForDeploymentPostprocessing = 0;
			shellPath = /bin/sh;
			shellScript = "\"${SRCROOT}/Pods/Target Support Files/Pods-Trigger_Tests/Pods-Trigger_Tests-frameworks.sh\"\n";
			showEnvVarsInLog = 0;
		};
/* End PBXShellScriptBuildPhase section */

/* Begin PBXSourcesBuildPhase section */
		607FACCC1AFB9204008FA782 /* Sources */ = {
			isa = PBXSourcesBuildPhase;
			buildActionMask = 2147483647;
			files = (
				1B90AB3E1CABC6B00070CC23 /* ServiceDImpl.swift in Sources */,
				1B90AB361CABC6680070CC23 /* ServiceBImpl.swift in Sources */,
				1B90AB411CABC84A0070CC23 /* GenericDataSource.swift in Sources */,
				1B90AB341CABC6590070CC23 /* ServiceB.swift in Sources */,
				607FACD81AFB9204008FA782 /* ViewController.swift in Sources */,
				1B90AB511CAD31230070CC23 /* DependencyConfigurator.swift in Sources */,
				1B90AB3A1CABC68F0070CC23 /* ServiceCImpl.swift in Sources */,
				1BD81EC61CD9B97500A17026 /* ServiceEImpl.swift in Sources */,
				1B90AB431CABC93F0070CC23 /* ServiceAImplDataSource.swift in Sources */,
				1B90AB321CABC6450070CC23 /* ServiceAImpl.swift in Sources */,
				1B90AB301CABC62A0070CC23 /* ServiceA.swift in Sources */,
				1B90AB381CABC67E0070CC23 /* ServiceC.swift in Sources */,
				1B90AB4F1CAD2EC30070CC23 /* main.swift in Sources */,
				1B90AB3C1CABC6980070CC23 /* ServiceD.swift in Sources */,
				1B90AB451CABC9500070CC23 /* ServiceBImplDataSource.swift in Sources */,
				607FACD61AFB9204008FA782 /* AppDelegate.swift in Sources */,
				1BD81EC41CD9B96400A17026 /* ServiceE.swift in Sources */,
			);
			runOnlyForDeploymentPostprocessing = 0;
		};
		607FACE11AFB9204008FA782 /* Sources */ = {
			isa = PBXSourcesBuildPhase;
			buildActionMask = 2147483647;
			files = (
				1BF52F801D09247E00633CAB /* KrakenTests.swift in Sources */,
				1BF52F821D093E5300633CAB /* Utils.swift in Sources */,
			);
			runOnlyForDeploymentPostprocessing = 0;
		};
/* End PBXSourcesBuildPhase section */

/* Begin PBXTargetDependency section */
		607FACE71AFB9204008FA782 /* PBXTargetDependency */ = {
			isa = PBXTargetDependency;
			target = 607FACCF1AFB9204008FA782 /* Trigger_Example */;
			targetProxy = 607FACE61AFB9204008FA782 /* PBXContainerItemProxy */;
		};
/* End PBXTargetDependency section */

/* Begin PBXVariantGroup section */
		607FACD91AFB9204008FA782 /* Main.storyboard */ = {
			isa = PBXVariantGroup;
			children = (
				607FACDA1AFB9204008FA782 /* Base */,
			);
			name = Main.storyboard;
			sourceTree = "<group>";
		};
		607FACDE1AFB9204008FA782 /* LaunchScreen.xib */ = {
			isa = PBXVariantGroup;
			children = (
				607FACDF1AFB9204008FA782 /* Base */,
			);
			name = LaunchScreen.xib;
			sourceTree = "<group>";
		};
/* End PBXVariantGroup section */

/* Begin XCBuildConfiguration section */
		607FACED1AFB9204008FA782 /* Debug */ = {
			isa = XCBuildConfiguration;
			buildSettings = {
				ALWAYS_SEARCH_USER_PATHS = NO;
				CLANG_CXX_LANGUAGE_STANDARD = "gnu++0x";
				CLANG_CXX_LIBRARY = "libc++";
				CLANG_ENABLE_MODULES = YES;
				CLANG_ENABLE_OBJC_ARC = YES;
				CLANG_WARN_BOOL_CONVERSION = YES;
				CLANG_WARN_CONSTANT_CONVERSION = YES;
				CLANG_WARN_DIRECT_OBJC_ISA_USAGE = YES_ERROR;
				CLANG_WARN_EMPTY_BODY = YES;
				CLANG_WARN_ENUM_CONVERSION = YES;
				CLANG_WARN_INT_CONVERSION = YES;
				CLANG_WARN_OBJC_ROOT_CLASS = YES_ERROR;
				CLANG_WARN_UNREACHABLE_CODE = YES;
				CLANG_WARN__DUPLICATE_METHOD_MATCH = YES;
				"CODE_SIGN_IDENTITY[sdk=iphoneos*]" = "iPhone Developer";
				COPY_PHASE_STRIP = NO;
				DEBUG_INFORMATION_FORMAT = "dwarf-with-dsym";
				ENABLE_STRICT_OBJC_MSGSEND = YES;
				ENABLE_TESTABILITY = YES;
				GCC_C_LANGUAGE_STANDARD = gnu99;
				GCC_DYNAMIC_NO_PIC = NO;
				GCC_NO_COMMON_BLOCKS = YES;
				GCC_OPTIMIZATION_LEVEL = 0;
				GCC_PREPROCESSOR_DEFINITIONS = (
					"DEBUG=1",
					"$(inherited)",
				);
				GCC_SYMBOLS_PRIVATE_EXTERN = NO;
				GCC_WARN_64_TO_32_BIT_CONVERSION = YES;
				GCC_WARN_ABOUT_RETURN_TYPE = YES_ERROR;
				GCC_WARN_UNDECLARED_SELECTOR = YES;
				GCC_WARN_UNINITIALIZED_AUTOS = YES_AGGRESSIVE;
				GCC_WARN_UNUSED_FUNCTION = YES;
				GCC_WARN_UNUSED_VARIABLE = YES;
				IPHONEOS_DEPLOYMENT_TARGET = 8.3;
				MTL_ENABLE_DEBUG_INFO = YES;
				ONLY_ACTIVE_ARCH = YES;
				SDKROOT = iphoneos;
				SWIFT_OPTIMIZATION_LEVEL = "-Onone";
			};
			name = Debug;
		};
		607FACEE1AFB9204008FA782 /* Release */ = {
			isa = XCBuildConfiguration;
			buildSettings = {
				ALWAYS_SEARCH_USER_PATHS = NO;
				CLANG_CXX_LANGUAGE_STANDARD = "gnu++0x";
				CLANG_CXX_LIBRARY = "libc++";
				CLANG_ENABLE_MODULES = YES;
				CLANG_ENABLE_OBJC_ARC = YES;
				CLANG_WARN_BOOL_CONVERSION = YES;
				CLANG_WARN_CONSTANT_CONVERSION = YES;
				CLANG_WARN_DIRECT_OBJC_ISA_USAGE = YES_ERROR;
				CLANG_WARN_EMPTY_BODY = YES;
				CLANG_WARN_ENUM_CONVERSION = YES;
				CLANG_WARN_INT_CONVERSION = YES;
				CLANG_WARN_OBJC_ROOT_CLASS = YES_ERROR;
				CLANG_WARN_UNREACHABLE_CODE = YES;
				CLANG_WARN__DUPLICATE_METHOD_MATCH = YES;
				"CODE_SIGN_IDENTITY[sdk=iphoneos*]" = "iPhone Developer";
				COPY_PHASE_STRIP = NO;
				DEBUG_INFORMATION_FORMAT = "dwarf-with-dsym";
				ENABLE_NS_ASSERTIONS = NO;
				ENABLE_STRICT_OBJC_MSGSEND = YES;
				GCC_C_LANGUAGE_STANDARD = gnu99;
				GCC_NO_COMMON_BLOCKS = YES;
				GCC_WARN_64_TO_32_BIT_CONVERSION = YES;
				GCC_WARN_ABOUT_RETURN_TYPE = YES_ERROR;
				GCC_WARN_UNDECLARED_SELECTOR = YES;
				GCC_WARN_UNINITIALIZED_AUTOS = YES_AGGRESSIVE;
				GCC_WARN_UNUSED_FUNCTION = YES;
				GCC_WARN_UNUSED_VARIABLE = YES;
				IPHONEOS_DEPLOYMENT_TARGET = 8.3;
				MTL_ENABLE_DEBUG_INFO = NO;
				SDKROOT = iphoneos;
				VALIDATE_PRODUCT = YES;
			};
			name = Release;
		};
		607FACF01AFB9204008FA782 /* Debug */ = {
			isa = XCBuildConfiguration;
			baseConfigurationReference = 14D9C925C068510F0A473807 /* Pods-Trigger_Example.debug.xcconfig */;
			buildSettings = {
				ASSETCATALOG_COMPILER_APPICON_NAME = AppIcon;
				INFOPLIST_FILE = Trigger/Info.plist;
				LD_RUNPATH_SEARCH_PATHS = "$(inherited) @executable_path/Frameworks";
				MODULE_NAME = ExampleApp;
				PRODUCT_BUNDLE_IDENTIFIER = "org.cocoapods.demo.$(PRODUCT_NAME:rfc1034identifier)";
				PRODUCT_NAME = "$(TARGET_NAME)";
			};
			name = Debug;
		};
		607FACF11AFB9204008FA782 /* Release */ = {
			isa = XCBuildConfiguration;
			baseConfigurationReference = E282B833F18409785F1365E4 /* Pods-Trigger_Example.release.xcconfig */;
			buildSettings = {
				ASSETCATALOG_COMPILER_APPICON_NAME = AppIcon;
				INFOPLIST_FILE = Trigger/Info.plist;
				LD_RUNPATH_SEARCH_PATHS = "$(inherited) @executable_path/Frameworks";
				MODULE_NAME = ExampleApp;
				PRODUCT_BUNDLE_IDENTIFIER = "org.cocoapods.demo.$(PRODUCT_NAME:rfc1034identifier)";
				PRODUCT_NAME = "$(TARGET_NAME)";
			};
			name = Release;
		};
		607FACF31AFB9204008FA782 /* Debug */ = {
			isa = XCBuildConfiguration;
			baseConfigurationReference = FE94F4DCEA9A7F73E0D9C8D7 /* Pods-Trigger_Tests.debug.xcconfig */;
			buildSettings = {
				BUNDLE_LOADER = "$(TEST_HOST)";
				CLANG_ENABLE_MODULES = YES;
				FRAMEWORK_SEARCH_PATHS = (
					"$(SDKROOT)/Developer/Library/Frameworks",
					"$(inherited)",
				);
				GCC_PREPROCESSOR_DEFINITIONS = (
					"DEBUG=1",
					"$(inherited)",
				);
				INFOPLIST_FILE = Tests/Info.plist;
				LD_RUNPATH_SEARCH_PATHS = "$(inherited) @executable_path/Frameworks @loader_path/Frameworks";
				PRODUCT_BUNDLE_IDENTIFIER = "org.cocoapods.$(PRODUCT_NAME:rfc1034identifier)";
				PRODUCT_NAME = "$(TARGET_NAME)";
				SWIFT_OPTIMIZATION_LEVEL = "-Onone";
				TEST_HOST = "$(BUILT_PRODUCTS_DIR)/Trigger_Example.app/Trigger_Example";
			};
			name = Debug;
		};
		607FACF41AFB9204008FA782 /* Release */ = {
			isa = XCBuildConfiguration;
			baseConfigurationReference = 052C0FF9BC3D84FA2E37FF8A /* Pods-Trigger_Tests.release.xcconfig */;
			buildSettings = {
				BUNDLE_LOADER = "$(TEST_HOST)";
				CLANG_ENABLE_MODULES = YES;
				FRAMEWORK_SEARCH_PATHS = (
					"$(SDKROOT)/Developer/Library/Frameworks",
					"$(inherited)",
				);
				INFOPLIST_FILE = Tests/Info.plist;
				LD_RUNPATH_SEARCH_PATHS = "$(inherited) @executable_path/Frameworks @loader_path/Frameworks";
				PRODUCT_BUNDLE_IDENTIFIER = "org.cocoapods.$(PRODUCT_NAME:rfc1034identifier)";
				PRODUCT_NAME = "$(TARGET_NAME)";
				TEST_HOST = "$(BUILT_PRODUCTS_DIR)/Trigger_Example.app/Trigger_Example";
			};
			name = Release;
		};
/* End XCBuildConfiguration section */

/* Begin XCConfigurationList section */
		607FACCB1AFB9204008FA782 /* Build configuration list for PBXProject "Trigger" */ = {
			isa = XCConfigurationList;
			buildConfigurations = (
				607FACED1AFB9204008FA782 /* Debug */,
				607FACEE1AFB9204008FA782 /* Release */,
			);
			defaultConfigurationIsVisible = 0;
			defaultConfigurationName = Release;
		};
		607FACEF1AFB9204008FA782 /* Build configuration list for PBXNativeTarget "Trigger_Example" */ = {
			isa = XCConfigurationList;
			buildConfigurations = (
				607FACF01AFB9204008FA782 /* Debug */,
				607FACF11AFB9204008FA782 /* Release */,
			);
			defaultConfigurationIsVisible = 0;
			defaultConfigurationName = Release;
		};
		607FACF21AFB9204008FA782 /* Build configuration list for PBXNativeTarget "Trigger_Tests" */ = {
			isa = XCConfigurationList;
			buildConfigurations = (
				607FACF31AFB9204008FA782 /* Debug */,
				607FACF41AFB9204008FA782 /* Release */,
			);
			defaultConfigurationIsVisible = 0;
			defaultConfigurationName = Release;
		};
/* End XCConfigurationList section */
	};
	rootObject = 607FACC81AFB9204008FA782 /* Project object */;
}
